
Microsoft Visual Studio Solution File, Format Version 12.00
# Visual Studio 2013
VisualStudioVersion = 12.0.21005.1
MinimumVisualStudioVersion = 10.0.40219.1
Project("{8BC9CEB8-8B4A-11D0-8D11-00A0C91BC942}") = "zr_1118", "zr_1118\zr_1118.vcxproj", "{C92AC24A-7DF9-4DB5-B71E-EF0B2A7F56D7}"
EndProject
Global
	GlobalSection(SolutionConfigurationPlatforms) = preSolution
		Debug|Win32 = Debug|Win32
		Release|Win32 = Release|Win32
	EndGlobalSection
	GlobalSection(ProjectConfigurationPlatforms) = postSolution
		{C92AC24A-7DF9-4DB5-B71E-EF0B2A7F56D7}.Debug|Win32.ActiveCfg = Debug|Win32
		{C92AC24A-7DF9-4DB5-B71E-EF0B2A7F56D7}.Debug|Win32.Build.0 = Debug|Win32
		{C92AC24A-7DF9-4DB5-B71E-EF0B2A7F56D7}.Release|Win32.ActiveCfg = Release|Win32
		{C92AC24A-7DF9-4DB5-B71E-EF0B2A7F56D7}.Release|Win32.Build.0 = Release|Win32
	EndGlobalSection
	GlobalSection(SolutionProperties) = preSolution
		HideSolutionNode = FALSE
	EndGlobalSection
EndGlobal
